PODS:
  - KCFloatingActionButton (2.2.0)
  - M13Checkbox (3.1.3)
  - PKHUD (4.2.0)
  - Realm (2.4.2):
    - Realm/Headers (= 2.4.2)
  - Realm/Headers (2.4.2)
  - RealmSwift (2.4.2):
    - Realm (= 2.4.2)
  - RxCocoa (3.3.1):
    - RxSwift (~> 3.3)
  - RxDataSources (1.0.3):
    - RxCocoa (~> 3.0)
    - RxSwift (~> 3.0)
  - RxSwift (3.3.1)
  - SnapKit (3.2.0)

DEPENDENCIES:
  - KCFloatingActionButton
  - M13Checkbox
  - PKHUD
  - RealmSwift
  - RxCocoa
  - RxDataSources
  - RxSwift
  - SnapKit

SPEC CHECKSUMS:
  KCFloatingActionButton: 8c71fa25774e422c8d407f82b4b27809d0cd5233
  M13Checkbox: c132a7e0eb964731855eff67b883a0b21b7c0977
  PKHUD: 48af884cf00c2213b0313b739d914e6cab1c0f5e
  Realm: d27b758e12d62a3371879a065d4c40aa212c5a54
  RealmSwift: 9556c0fe0f0cfecacfb755ae9e68ff379fc6bead
  RxCocoa: 7dcb7a1860fc9cd0e23dae67ab105fc2916670b6
  RxDataSources: a021a0e944ba5f7991259829d973afdbfa719c0b
  RxSwift: 8fc9f2de6275a9101d518444e00bf32f1a42caac
  SnapKit: 1ca44df72cfa543218d177cb8aab029d10d86ea7

PODFILE CHECKSUM: 2e2a07ab8699f78468772fc035979211c91b4152

COCOAPODS: 1.2.0
